
Microsoft Visual Studio Solution File, Format Version 12.00
# Visual Studio Version 17
VisualStudioVersion = 17.6.33829.357
MinimumVisualStudioVersion = 10.0.40219.1
Project("{FAE04EC0-301F-11D3-BF4B-00C04F79EFBC}") = "268. Missing Number", "268. Missing Number.csproj", "{319A49A3-D3DC-4B9F-9BCC-A419C4626E2D}"
EndProject
Global
	GlobalSection(SolutionConfigurationPlatforms) = preSolution
		Debug|Any CPU = Debug|Any CPU
		Release|Any CPU = Release|Any CPU
	EndGlobalSection
	GlobalSection(ProjectConfigurationPlatforms) = postSolution
		{319A49A3-D3DC-4B9F-9BCC-A419C4626E2D}.Debug|Any CPU.ActiveCfg = Debug|Any CPU
		{319A49A3-D3DC-4B9F-9BCC-A419C4626E2D}.Debug|Any CPU.Build.0 = Debug|Any CPU
		{319A49A3-D3DC-4B9F-9BCC-A419C4626E2D}.Release|Any CPU.ActiveCfg = Release|Any CPU
		{319A49A3-D3DC-4B9F-9BCC-A419C4626E2D}.Release|Any CPU.Build.0 = Release|Any CPU
	EndGlobalSection
	GlobalSection(SolutionProperties) = preSolution
		HideSolutionNode = FALSE
	EndGlobalSection
	GlobalSection(ExtensibilityGlobals) = postSolution
		SolutionGuid = {5A777F85-FCFC-47A8-A605-0AAE5921728B}
	EndGlobalSection
EndGlobal
